
Microsoft Visual Studio Solution File, Format Version 12.00
# Visual Studio Version 16
VisualStudioVersion = 16.0.30524.135
MinimumVisualStudioVersion = 10.0.40219.1
Project("{9A19103F-16F7-4668-BE54-9A1E7A4F7556}") = "ArchiveData-Console", "src\ArchiveData-Console\ArchiveData-Console.csproj", "{59784D10-A93A-4E95-979E-93C2247BD6D5}"
EndProject
Project("{9A19103F-16F7-4668-BE54-9A1E7A4F7556}") = "Common", "src\Common\Common.csproj", "{BE6D969A-BF8A-428D-9CA8-72C357BBBCA8}"
EndProject
Project("{2150E333-8FDC-42A3-9474-1A3956D46DE8}") = "Archive Data", "Archive Data", "{DDD1150F-EB5F-4D40-90AB-86810CFB1D95}"
EndProject
Project("{2150E333-8FDC-42A3-9474-1A3956D46DE8}") = "Solution Items", "Solution Items", "{8716AE2A-4518-4E42-96ED-34255409A56E}"
	ProjectSection(SolutionItems) = preProject
		Data\CPL19.csv = Data\CPL19.csv
		Data\CPL20.csv = Data\CPL20.csv
		Data\FakeNames.csv = Data\FakeNames.csv
		src\SQL Scripts\GetMetadata.sql = src\SQL Scripts\GetMetadata.sql
		src\SQL Scripts\GetSessionDetails.sql = src\SQL Scripts\GetSessionDetails.sql
		Data\Metadata.csv = Data\Metadata.csv
		Data\QuestionInteractions.csv = Data\QuestionInteractions.csv
	EndProjectSection
EndProject
Project("{9A19103F-16F7-4668-BE54-9A1E7A4F7556}") = "DenormalizeData-Console", "src\DenormalizeData-Console\DenormalizeData-Console.csproj", "{0BC53BE0-FEAB-4095-8A9D-BD494066B2C9}"
EndProject
Project("{9A19103F-16F7-4668-BE54-9A1E7A4F7556}") = "DenormalizeData-Function", "src\DenormalizeData-Function\DenormalizeData-Function.csproj", "{7ED62BC1-DCBC-4180-B008-E23A2875B41E}"
EndProject
Project("{2150E333-8FDC-42A3-9474-1A3956D46DE8}") = "Denormalize Data", "Denormalize Data", "{1B8C4C5F-51EB-4EF6-9735-E6AF5A1740BE}"
EndProject
Project("{9A19103F-16F7-4668-BE54-9A1E7A4F7556}") = "ArchiveData-Function", "src\ArchiveData-Function\ArchiveData-Function.csproj", "{BF52995D-D7A9-40F9-BF37-23FDCC19BA58}"
EndProject
Project("{2150E333-8FDC-42A3-9474-1A3956D46DE8}") = "Replicating Data", "Replicating Data", "{94E11704-B8FE-4EDD-9168-A3B2AD601C2E}"
EndProject
Project("{9A19103F-16F7-4668-BE54-9A1E7A4F7556}") = "ReplicatingData-Console", "src\ReplicatingData-Console\ReplicatingData-Console.csproj", "{2B5AF617-BAED-4AF7-B808-260A5AD514E5}"
EndProject
Project("{9A19103F-16F7-4668-BE54-9A1E7A4F7556}") = "ReplicatingData-Function", "src\ReplicatingData-Function\ReplicatingData-Function.csproj", "{6FFBBAC4-E515-4BCC-8CAB-4146D5CE03D9}"
EndProject
Project("{2150E333-8FDC-42A3-9474-1A3956D46DE8}") = "Event-Driven Architecture", "Event-Driven Architecture", "{98319DFD-EA37-4997-BB20-23B840572219}"
EndProject
Project("{9A19103F-16F7-4668-BE54-9A1E7A4F7556}") = "EventDrivenArchitecture-Console", "src\EventDrivenArchitecture-Console\EventDrivenArchitecture-Console.csproj", "{1F2E428A-29AC-483A-8563-ABDC173D83FA}"
EndProject
Global
	GlobalSection(SolutionConfigurationPlatforms) = preSolution
		Debug|Any CPU = Debug|Any CPU
		Release|Any CPU = Release|Any CPU
	EndGlobalSection
	GlobalSection(ProjectConfigurationPlatforms) = postSolution
		{59784D10-A93A-4E95-979E-93C2247BD6D5}.Debug|Any CPU.ActiveCfg = Debug|Any CPU
		{59784D10-A93A-4E95-979E-93C2247BD6D5}.Debug|Any CPU.Build.0 = Debug|Any CPU
		{59784D10-A93A-4E95-979E-93C2247BD6D5}.Release|Any CPU.ActiveCfg = Release|Any CPU
		{59784D10-A93A-4E95-979E-93C2247BD6D5}.Release|Any CPU.Build.0 = Release|Any CPU
		{BE6D969A-BF8A-428D-9CA8-72C357BBBCA8}.Debug|Any CPU.ActiveCfg = Debug|Any CPU
		{BE6D969A-BF8A-428D-9CA8-72C357BBBCA8}.Debug|Any CPU.Build.0 = Debug|Any CPU
		{BE6D969A-BF8A-428D-9CA8-72C357BBBCA8}.Release|Any CPU.ActiveCfg = Release|Any CPU
		{BE6D969A-BF8A-428D-9CA8-72C357BBBCA8}.Release|Any CPU.Build.0 = Release|Any CPU
		{0BC53BE0-FEAB-4095-8A9D-BD494066B2C9}.Debug|Any CPU.ActiveCfg = Debug|Any CPU
		{0BC53BE0-FEAB-4095-8A9D-BD494066B2C9}.Debug|Any CPU.Build.0 = Debug|Any CPU
		{0BC53BE0-FEAB-4095-8A9D-BD494066B2C9}.Release|Any CPU.ActiveCfg = Release|Any CPU
		{0BC53BE0-FEAB-4095-8A9D-BD494066B2C9}.Release|Any CPU.Build.0 = Release|Any CPU
		{7ED62BC1-DCBC-4180-B008-E23A2875B41E}.Debug|Any CPU.ActiveCfg = Debug|Any CPU
		{7ED62BC1-DCBC-4180-B008-E23A2875B41E}.Debug|Any CPU.Build.0 = Debug|Any CPU
		{7ED62BC1-DCBC-4180-B008-E23A2875B41E}.Release|Any CPU.ActiveCfg = Release|Any CPU
		{7ED62BC1-DCBC-4180-B008-E23A2875B41E}.Release|Any CPU.Build.0 = Release|Any CPU
		{BF52995D-D7A9-40F9-BF37-23FDCC19BA58}.Debug|Any CPU.ActiveCfg = Debug|Any CPU
		{BF52995D-D7A9-40F9-BF37-23FDCC19BA58}.Debug|Any CPU.Build.0 = Debug|Any CPU
		{BF52995D-D7A9-40F9-BF37-23FDCC19BA58}.Release|Any CPU.ActiveCfg = Release|Any CPU
		{BF52995D-D7A9-40F9-BF37-23FDCC19BA58}.Release|Any CPU.Build.0 = Release|Any CPU
		{2B5AF617-BAED-4AF7-B808-260A5AD514E5}.Debug|Any CPU.ActiveCfg = Debug|Any CPU
		{2B5AF617-BAED-4AF7-B808-260A5AD514E5}.Debug|Any CPU.Build.0 = Debug|Any CPU
		{2B5AF617-BAED-4AF7-B808-260A5AD514E5}.Release|Any CPU.ActiveCfg = Release|Any CPU
		{2B5AF617-BAED-4AF7-B808-260A5AD514E5}.Release|Any CPU.Build.0 = Release|Any CPU
		{6FFBBAC4-E515-4BCC-8CAB-4146D5CE03D9}.Debug|Any CPU.ActiveCfg = Debug|Any CPU
		{6FFBBAC4-E515-4BCC-8CAB-4146D5CE03D9}.Debug|Any CPU.Build.0 = Debug|Any CPU
		{6FFBBAC4-E515-4BCC-8CAB-4146D5CE03D9}.Release|Any CPU.ActiveCfg = Release|Any CPU
		{6FFBBAC4-E515-4BCC-8CAB-4146D5CE03D9}.Release|Any CPU.Build.0 = Release|Any CPU
		{1F2E428A-29AC-483A-8563-ABDC173D83FA}.Debug|Any CPU.ActiveCfg = Debug|Any CPU
		{1F2E428A-29AC-483A-8563-ABDC173D83FA}.Debug|Any CPU.Build.0 = Debug|Any CPU
		{1F2E428A-29AC-483A-8563-ABDC173D83FA}.Release|Any CPU.ActiveCfg = Release|Any CPU
		{1F2E428A-29AC-483A-8563-ABDC173D83FA}.Release|Any CPU.Build.0 = Release|Any CPU
	EndGlobalSection
	GlobalSection(SolutionProperties) = preSolution
		HideSolutionNode = FALSE
	EndGlobalSection
	GlobalSection(NestedProjects) = preSolution
		{59784D10-A93A-4E95-979E-93C2247BD6D5} = {DDD1150F-EB5F-4D40-90AB-86810CFB1D95}
		{0BC53BE0-FEAB-4095-8A9D-BD494066B2C9} = {1B8C4C5F-51EB-4EF6-9735-E6AF5A1740BE}
		{7ED62BC1-DCBC-4180-B008-E23A2875B41E} = {1B8C4C5F-51EB-4EF6-9735-E6AF5A1740BE}
		{BF52995D-D7A9-40F9-BF37-23FDCC19BA58} = {DDD1150F-EB5F-4D40-90AB-86810CFB1D95}
		{2B5AF617-BAED-4AF7-B808-260A5AD514E5} = {94E11704-B8FE-4EDD-9168-A3B2AD601C2E}
		{6FFBBAC4-E515-4BCC-8CAB-4146D5CE03D9} = {94E11704-B8FE-4EDD-9168-A3B2AD601C2E}
		{1F2E428A-29AC-483A-8563-ABDC173D83FA} = {98319DFD-EA37-4997-BB20-23B840572219}
	EndGlobalSection
	GlobalSection(ExtensibilityGlobals) = postSolution
		SolutionGuid = {1B250357-A6D7-4256-B401-B5E4B604343B}
	EndGlobalSection
EndGlobal
